
Microsoft Visual Studio Solution File, Format Version 12.00
# Visual Studio 2012
Project("{FAE04EC0-301F-11D3-BF4B-00C04F79EFBC}") = "Xamarin.FragmentStack", "Xamarin.FragmentStack\Xamarin.FragmentStack.csproj", "{6484620C-EA45-4028-B8F0-2259308F20B3}"
EndProject
Global
	GlobalSection(SolutionConfigurationPlatforms) = preSolution
		Debug|Any CPU = Debug|Any CPU
		Release|Any CPU = Release|Any CPU
	EndGlobalSection
	GlobalSection(ProjectConfigurationPlatforms) = postSolution
		{6484620C-EA45-4028-B8F0-2259308F20B3}.Debug|Any CPU.ActiveCfg = Debug|Any CPU
		{6484620C-EA45-4028-B8F0-2259308F20B3}.Debug|Any CPU.Build.0 = Debug|Any CPU
		{6484620C-EA45-4028-B8F0-2259308F20B3}.Release|Any CPU.ActiveCfg = Release|Any CPU
		{6484620C-EA45-4028-B8F0-2259308F20B3}.Release|Any CPU.Build.0 = Release|Any CPU
	EndGlobalSection
EndGlobal
